
Microsoft Visual Studio Solution File, Format Version 12.00
# Visual Studio Version 17
VisualStudioVersion = 17.11.35312.102
MinimumVisualStudioVersion = 10.0.40219.1
Project("{2150E333-8FDC-42A3-9474-1A3956D46DE8}") = "src", "src", "{AC931B15-DBA8-4E0D-8915-8144B744171D}"
EndProject
Project("{2150E333-8FDC-42A3-9474-1A3956D46DE8}") = "test", "test", "{418E7C1B-114D-41AE-BD31-2B1DFA7A3775}"
EndProject
Project("{2150E333-8FDC-42A3-9474-1A3956D46DE8}") = "API", "API", "{11CE7638-7252-4D1F-BBF0-DD5C33DCCDC5}"
EndProject
Project("{2150E333-8FDC-42A3-9474-1A3956D46DE8}") = "Core", "Core", "{170E87DE-9F3C-46C1-A2F6-46042983F589}"
EndProject
Project("{2150E333-8FDC-42A3-9474-1A3956D46DE8}") = "Infrastructure", "Infrastructure", "{719BA078-5BC8-47CB-AC29-910CD54D5F78}"
EndProject
Project("{2150E333-8FDC-42A3-9474-1A3956D46DE8}") = "UI", "UI", "{872AA994-1151-4534-A42B-AE3F3FD21995}"
EndProject
Project("{9A19103F-16F7-4668-BE54-9A1E7A4F7556}") = "HR.LeaveManagement.Domain", "HR.LeaveManagement.Domain\HR.LeaveManagement.Domain.csproj", "{D5BC30C6-BC63-4ADF-9E75-A27DB6736A4A}"
EndProject
Project("{9A19103F-16F7-4668-BE54-9A1E7A4F7556}") = "HR.LeaveManagement.Application", "HR.LeaveManagemnt.Application\HR.LeaveManagement.Application.csproj", "{75C6014F-A287-4318-BB24-06648FCF49D8}"
EndProject
Project("{9A19103F-16F7-4668-BE54-9A1E7A4F7556}") = "HR.LeaveManagement.Persistence", "HR.LeaveManagement.Persistence\HR.LeaveManagement.Persistence.csproj", "{F8F0C44E-F629-4064-8688-EFF47412087B}"
EndProject
Project("{9A19103F-16F7-4668-BE54-9A1E7A4F7556}") = "Hr.LeaveManagement.Infrastructure", "Hr.LeaveManagement.Infrastructure\Hr.LeaveManagement.Infrastructure.csproj", "{4FFCBA4C-006A-44E7-A7B8-6F73DB991C7A}"
EndProject
Project("{FAE04EC0-301F-11D3-BF4B-00C04F79EFBC}") = "HR.LeaveManagement.Api", "HR.LeaveManagement.Api\HR.LeaveManagement.Api.csproj", "{64558F33-4452-4F16-9843-171857003BC9}"
EndProject
Project("{FAE04EC0-301F-11D3-BF4B-00C04F79EFBC}") = "HR.LeaveManagement.Application.UnitTests", "HR.LeaveManagement.Application.UnitTests\HR.LeaveManagement.Application.UnitTests.csproj", "{DD1ECAE9-92AF-4990-B93D-CA686579B42E}"
EndProject
Project("{FAE04EC0-301F-11D3-BF4B-00C04F79EFBC}") = "HR.LeaveManagement.Persistence.IntegrationTests", "HR.LeaveManagement.Persistence.Intergration\HR.LeaveManagement.Persistence.IntegrationTests.csproj", "{13F76352-5910-42E5-A65C-29693B5FDD55}"
EndProject
Global
	GlobalSection(SolutionConfigurationPlatforms) = preSolution
		Debug|Any CPU = Debug|Any CPU
		Release|Any CPU = Release|Any CPU
	EndGlobalSection
	GlobalSection(ProjectConfigurationPlatforms) = postSolution
		{D5BC30C6-BC63-4ADF-9E75-A27DB6736A4A}.Debug|Any CPU.ActiveCfg = Debug|Any CPU
		{D5BC30C6-BC63-4ADF-9E75-A27DB6736A4A}.Debug|Any CPU.Build.0 = Debug|Any CPU
		{D5BC30C6-BC63-4ADF-9E75-A27DB6736A4A}.Release|Any CPU.ActiveCfg = Release|Any CPU
		{D5BC30C6-BC63-4ADF-9E75-A27DB6736A4A}.Release|Any CPU.Build.0 = Release|Any CPU
		{75C6014F-A287-4318-BB24-06648FCF49D8}.Debug|Any CPU.ActiveCfg = Debug|Any CPU
		{75C6014F-A287-4318-BB24-06648FCF49D8}.Debug|Any CPU.Build.0 = Debug|Any CPU
		{75C6014F-A287-4318-BB24-06648FCF49D8}.Release|Any CPU.ActiveCfg = Release|Any CPU
		{75C6014F-A287-4318-BB24-06648FCF49D8}.Release|Any CPU.Build.0 = Release|Any CPU
		{F8F0C44E-F629-4064-8688-EFF47412087B}.Debug|Any CPU.ActiveCfg = Debug|Any CPU
		{F8F0C44E-F629-4064-8688-EFF47412087B}.Debug|Any CPU.Build.0 = Debug|Any CPU
		{F8F0C44E-F629-4064-8688-EFF47412087B}.Release|Any CPU.ActiveCfg = Release|Any CPU
		{F8F0C44E-F629-4064-8688-EFF47412087B}.Release|Any CPU.Build.0 = Release|Any CPU
		{4FFCBA4C-006A-44E7-A7B8-6F73DB991C7A}.Debug|Any CPU.ActiveCfg = Debug|Any CPU
		{4FFCBA4C-006A-44E7-A7B8-6F73DB991C7A}.Debug|Any CPU.Build.0 = Debug|Any CPU
		{4FFCBA4C-006A-44E7-A7B8-6F73DB991C7A}.Release|Any CPU.ActiveCfg = Release|Any CPU
		{4FFCBA4C-006A-44E7-A7B8-6F73DB991C7A}.Release|Any CPU.Build.0 = Release|Any CPU
		{64558F33-4452-4F16-9843-171857003BC9}.Debug|Any CPU.ActiveCfg = Debug|Any CPU
		{64558F33-4452-4F16-9843-171857003BC9}.Debug|Any CPU.Build.0 = Debug|Any CPU
		{64558F33-4452-4F16-9843-171857003BC9}.Release|Any CPU.ActiveCfg = Release|Any CPU
		{64558F33-4452-4F16-9843-171857003BC9}.Release|Any CPU.Build.0 = Release|Any CPU
		{DD1ECAE9-92AF-4990-B93D-CA686579B42E}.Debug|Any CPU.ActiveCfg = Debug|Any CPU
		{DD1ECAE9-92AF-4990-B93D-CA686579B42E}.Debug|Any CPU.Build.0 = Debug|Any CPU
		{DD1ECAE9-92AF-4990-B93D-CA686579B42E}.Release|Any CPU.ActiveCfg = Release|Any CPU
		{DD1ECAE9-92AF-4990-B93D-CA686579B42E}.Release|Any CPU.Build.0 = Release|Any CPU
		{13F76352-5910-42E5-A65C-29693B5FDD55}.Debug|Any CPU.ActiveCfg = Debug|Any CPU
		{13F76352-5910-42E5-A65C-29693B5FDD55}.Debug|Any CPU.Build.0 = Debug|Any CPU
		{13F76352-5910-42E5-A65C-29693B5FDD55}.Release|Any CPU.ActiveCfg = Release|Any CPU
		{13F76352-5910-42E5-A65C-29693B5FDD55}.Release|Any CPU.Build.0 = Release|Any CPU
	EndGlobalSection
	GlobalSection(SolutionProperties) = preSolution
		HideSolutionNode = FALSE
	EndGlobalSection
	GlobalSection(NestedProjects) = preSolution
		{11CE7638-7252-4D1F-BBF0-DD5C33DCCDC5} = {AC931B15-DBA8-4E0D-8915-8144B744171D}
		{170E87DE-9F3C-46C1-A2F6-46042983F589} = {AC931B15-DBA8-4E0D-8915-8144B744171D}
		{719BA078-5BC8-47CB-AC29-910CD54D5F78} = {AC931B15-DBA8-4E0D-8915-8144B744171D}
		{872AA994-1151-4534-A42B-AE3F3FD21995} = {AC931B15-DBA8-4E0D-8915-8144B744171D}
		{D5BC30C6-BC63-4ADF-9E75-A27DB6736A4A} = {170E87DE-9F3C-46C1-A2F6-46042983F589}
		{75C6014F-A287-4318-BB24-06648FCF49D8} = {170E87DE-9F3C-46C1-A2F6-46042983F589}
		{F8F0C44E-F629-4064-8688-EFF47412087B} = {719BA078-5BC8-47CB-AC29-910CD54D5F78}
		{4FFCBA4C-006A-44E7-A7B8-6F73DB991C7A} = {719BA078-5BC8-47CB-AC29-910CD54D5F78}
		{64558F33-4452-4F16-9843-171857003BC9} = {11CE7638-7252-4D1F-BBF0-DD5C33DCCDC5}
		{DD1ECAE9-92AF-4990-B93D-CA686579B42E} = {418E7C1B-114D-41AE-BD31-2B1DFA7A3775}
		{13F76352-5910-42E5-A65C-29693B5FDD55} = {418E7C1B-114D-41AE-BD31-2B1DFA7A3775}
	EndGlobalSection
	GlobalSection(ExtensibilityGlobals) = postSolution
		SolutionGuid = {A643F782-FB29-4D03-AC4D-214DDECB49C6}
	EndGlobalSection
EndGlobal
